
Microsoft Visual Studio Solution File, Format Version 12.00
# Visual Studio Version 16
VisualStudioVersion = 16.0.28902.138
MinimumVisualStudioVersion = 10.0.40219.1
Project("{2150E333-8FDC-42A3-9474-1A3956D46DE8}") = "src", "src", "{0D51236E-D76E-40D8-8B18-3CB2684CF953}"
EndProject
Project("{2150E333-8FDC-42A3-9474-1A3956D46DE8}") = "Services", "Services", "{477D17C3-5453-4B85-9EA4-8B1E70DBFC02}"
EndProject
Project("{2150E333-8FDC-42A3-9474-1A3956D46DE8}") = "Levantamento", "Levantamento", "{E184C8EE-5A9D-4E76-8654-85AD9A2DFBF8}"
EndProject
Project("{9A19103F-16F7-4668-BE54-9A1E7A4F7556}") = "Levantamento.Domain", "src\Services\Levantamento\Levantamento.Domain\Levantamento.Domain.csproj", "{F8EBC7DB-18CE-4DC4-9E72-A1EA5D4C1158}"
EndProject
Project("{9A19103F-16F7-4668-BE54-9A1E7A4F7556}") = "Levantamento.Api", "src\Services\Levantamento\Levantamento.Api\Levantamento.Api.csproj", "{FD47928B-0336-46D5-A445-B360355E66D4}"
EndProject
Project("{E53339B2-1760-4266-BCC7-CA923CBCF16C}") = "docker-compose", "docker-compose.dcproj", "{4FE62503-A2B3-41DD-B342-997C4EBA7126}"
EndProject
Project("{9A19103F-16F7-4668-BE54-9A1E7A4F7556}") = "Levantamento.Domain.Core", "src\Services\Levantamento\Levantamento.Domain.Core\Levantamento.Domain.Core.csproj", "{A89C6ACF-60A2-450C-991B-7AC68F54B2B8}"
EndProject
Project("{9A19103F-16F7-4668-BE54-9A1E7A4F7556}") = "Levantamento.Infrastructure.Bus", "src\Services\Levantamento\Levantamento.Infrastructure.Bus\Levantamento.Infrastructure.Bus.csproj", "{2D7570C5-2073-486E-B035-0604902B4FAD}"
EndProject
Project("{2150E333-8FDC-42A3-9474-1A3956D46DE8}") = "BuildingBlocks", "BuildingBlocks", "{9F8B19A8-01E5-4CDD-9CA1-B8FD68828CA4}"
EndProject
Project("{2150E333-8FDC-42A3-9474-1A3956D46DE8}") = "EventBus", "EventBus", "{DFAC66A1-2518-49CE-8085-776EBA3F7927}"
EndProject
Project("{9A19103F-16F7-4668-BE54-9A1E7A4F7556}") = "IntegrationEventLog", "src\BuildingBlocks\EventBus\IntegrationEventLog\IntegrationEventLog.csproj", "{B29661F6-B50F-41A9-93CA-5D6366AEAF25}"
EndProject
Project("{9A19103F-16F7-4668-BE54-9A1E7A4F7556}") = "ZEventBus", "src\BuildingBlocks\EventBus\ZEventBus\ZEventBus.csproj", "{FAAE4E1D-C3A8-4B18-A4EE-E3A544F08E17}"
EndProject
Project("{9A19103F-16F7-4668-BE54-9A1E7A4F7556}") = "IntegrationEventLogEF", "src\BuildingBlocks\EventBus\IntegrationEventLogEF\IntegrationEventLogEF.csproj", "{44CFF79C-0448-4871-92FF-AE8FD4E41F6B}"
EndProject
Project("{9A19103F-16F7-4668-BE54-9A1E7A4F7556}") = "IntegrationEventLogMongo", "src\BuildingBlocks\EventBus\IntegrationEventLogMongo\IntegrationEventLogMongo.csproj", "{0CA2CD34-657B-4273-999A-AF585C5FD0C7}"
EndProject
Project("{9A19103F-16F7-4668-BE54-9A1E7A4F7556}") = "BusRabbitMQ", "src\BuildingBlocks\EventBus\EventBusRabbitMQ\BusRabbitMQ.csproj", "{7FFCA3AC-B1AE-4EA1-BC79-31540A085F24}"
EndProject
Project("{2150E333-8FDC-42A3-9474-1A3956D46DE8}") = "Trecho", "Trecho", "{7AA6FED5-CAB1-4990-B03C-40FC938DCF5A}"
EndProject
Project("{9A19103F-16F7-4668-BE54-9A1E7A4F7556}") = "Trecho.Api", "src\Services\Trecho\Trecho.Api\Trecho.Api.csproj", "{C3BDB3C7-51AF-4A01-A974-B793B2F6D704}"
EndProject
Project("{2150E333-8FDC-42A3-9474-1A3956D46DE8}") = "ApiGateways", "ApiGateways", "{77E11103-1D24-4920-B931-8B9CA7C3E506}"
EndProject
Project("{9A19103F-16F7-4668-BE54-9A1E7A4F7556}") = "ApiGateway", "src\ApiGateways\ApiGateway\ApiGateway.csproj", "{5EACB567-DC3E-4AD1-A53B-F83E0BC8AAFD}"
EndProject
Project("{9A19103F-16F7-4668-BE54-9A1E7A4F7556}") = "Levantamento.Infrastructure.Sql", "src\Services\Levantamento\Levantamento.Infrastructure.Sql\Levantamento.Infrastructure.Sql.csproj", "{68F6C1D5-6790-43EB-A97B-91390B58CC57}"
EndProject
Project("{9A19103F-16F7-4668-BE54-9A1E7A4F7556}") = "Levantamento.Infrastructure.NoSql", "src\Services\Levantamento\Levantamento.Infrastructure.NoSql\Levantamento.Infrastructure.NoSql.csproj", "{02F727EC-7CFA-4F93-8880-7EAD9B2E59BB}"
EndProject
Project("{2150E333-8FDC-42A3-9474-1A3956D46DE8}") = "Console", "Console", "{A24F4F0F-1853-480C-8083-49F64276C493}"
EndProject
Project("{9A19103F-16F7-4668-BE54-9A1E7A4F7556}") = "Levantamento.Console", "src\Console\Levantamento.Console\Levantamento.Console.csproj", "{768514F6-FA41-405E-8006-3AC5E832E9BD}"
EndProject
Project("{FAE04EC0-301F-11D3-BF4B-00C04F79EFBC}") = "Levantamento.SignalR", "src\Services\Levantamento\Levantamento.SignalR\Levantamento.SignalR.csproj", "{F10ACF68-3AB9-4FE5-B1A5-E0D9D0C8729E}"
EndProject
Global
	GlobalSection(SolutionConfigurationPlatforms) = preSolution
		Debug|Any CPU = Debug|Any CPU
		Release|Any CPU = Release|Any CPU
	EndGlobalSection
	GlobalSection(ProjectConfigurationPlatforms) = postSolution
		{F8EBC7DB-18CE-4DC4-9E72-A1EA5D4C1158}.Debug|Any CPU.ActiveCfg = Debug|Any CPU
		{F8EBC7DB-18CE-4DC4-9E72-A1EA5D4C1158}.Debug|Any CPU.Build.0 = Debug|Any CPU
		{F8EBC7DB-18CE-4DC4-9E72-A1EA5D4C1158}.Release|Any CPU.ActiveCfg = Release|Any CPU
		{F8EBC7DB-18CE-4DC4-9E72-A1EA5D4C1158}.Release|Any CPU.Build.0 = Release|Any CPU
		{FD47928B-0336-46D5-A445-B360355E66D4}.Debug|Any CPU.ActiveCfg = Debug|Any CPU
		{FD47928B-0336-46D5-A445-B360355E66D4}.Debug|Any CPU.Build.0 = Debug|Any CPU
		{FD47928B-0336-46D5-A445-B360355E66D4}.Release|Any CPU.ActiveCfg = Release|Any CPU
		{FD47928B-0336-46D5-A445-B360355E66D4}.Release|Any CPU.Build.0 = Release|Any CPU
		{4FE62503-A2B3-41DD-B342-997C4EBA7126}.Debug|Any CPU.ActiveCfg = Debug|Any CPU
		{4FE62503-A2B3-41DD-B342-997C4EBA7126}.Debug|Any CPU.Build.0 = Debug|Any CPU
		{4FE62503-A2B3-41DD-B342-997C4EBA7126}.Release|Any CPU.ActiveCfg = Release|Any CPU
		{4FE62503-A2B3-41DD-B342-997C4EBA7126}.Release|Any CPU.Build.0 = Release|Any CPU
		{A89C6ACF-60A2-450C-991B-7AC68F54B2B8}.Debug|Any CPU.ActiveCfg = Debug|Any CPU
		{A89C6ACF-60A2-450C-991B-7AC68F54B2B8}.Debug|Any CPU.Build.0 = Debug|Any CPU
		{A89C6ACF-60A2-450C-991B-7AC68F54B2B8}.Release|Any CPU.ActiveCfg = Release|Any CPU
		{A89C6ACF-60A2-450C-991B-7AC68F54B2B8}.Release|Any CPU.Build.0 = Release|Any CPU
		{2D7570C5-2073-486E-B035-0604902B4FAD}.Debug|Any CPU.ActiveCfg = Debug|Any CPU
		{2D7570C5-2073-486E-B035-0604902B4FAD}.Debug|Any CPU.Build.0 = Debug|Any CPU
		{2D7570C5-2073-486E-B035-0604902B4FAD}.Release|Any CPU.ActiveCfg = Release|Any CPU
		{2D7570C5-2073-486E-B035-0604902B4FAD}.Release|Any CPU.Build.0 = Release|Any CPU
		{B29661F6-B50F-41A9-93CA-5D6366AEAF25}.Debug|Any CPU.ActiveCfg = Debug|Any CPU
		{B29661F6-B50F-41A9-93CA-5D6366AEAF25}.Debug|Any CPU.Build.0 = Debug|Any CPU
		{B29661F6-B50F-41A9-93CA-5D6366AEAF25}.Release|Any CPU.ActiveCfg = Release|Any CPU
		{B29661F6-B50F-41A9-93CA-5D6366AEAF25}.Release|Any CPU.Build.0 = Release|Any CPU
		{FAAE4E1D-C3A8-4B18-A4EE-E3A544F08E17}.Debug|Any CPU.ActiveCfg = Debug|Any CPU
		{FAAE4E1D-C3A8-4B18-A4EE-E3A544F08E17}.Debug|Any CPU.Build.0 = Debug|Any CPU
		{FAAE4E1D-C3A8-4B18-A4EE-E3A544F08E17}.Release|Any CPU.ActiveCfg = Release|Any CPU
		{FAAE4E1D-C3A8-4B18-A4EE-E3A544F08E17}.Release|Any CPU.Build.0 = Release|Any CPU
		{44CFF79C-0448-4871-92FF-AE8FD4E41F6B}.Debug|Any CPU.ActiveCfg = Debug|Any CPU
		{44CFF79C-0448-4871-92FF-AE8FD4E41F6B}.Debug|Any CPU.Build.0 = Debug|Any CPU
		{44CFF79C-0448-4871-92FF-AE8FD4E41F6B}.Release|Any CPU.ActiveCfg = Release|Any CPU
		{44CFF79C-0448-4871-92FF-AE8FD4E41F6B}.Release|Any CPU.Build.0 = Release|Any CPU
		{0CA2CD34-657B-4273-999A-AF585C5FD0C7}.Debug|Any CPU.ActiveCfg = Debug|Any CPU
		{0CA2CD34-657B-4273-999A-AF585C5FD0C7}.Debug|Any CPU.Build.0 = Debug|Any CPU
		{0CA2CD34-657B-4273-999A-AF585C5FD0C7}.Release|Any CPU.ActiveCfg = Release|Any CPU
		{0CA2CD34-657B-4273-999A-AF585C5FD0C7}.Release|Any CPU.Build.0 = Release|Any CPU
		{7FFCA3AC-B1AE-4EA1-BC79-31540A085F24}.Debug|Any CPU.ActiveCfg = Debug|Any CPU
		{7FFCA3AC-B1AE-4EA1-BC79-31540A085F24}.Debug|Any CPU.Build.0 = Debug|Any CPU
		{7FFCA3AC-B1AE-4EA1-BC79-31540A085F24}.Release|Any CPU.ActiveCfg = Release|Any CPU
		{7FFCA3AC-B1AE-4EA1-BC79-31540A085F24}.Release|Any CPU.Build.0 = Release|Any CPU
		{C3BDB3C7-51AF-4A01-A974-B793B2F6D704}.Debug|Any CPU.ActiveCfg = Debug|Any CPU
		{C3BDB3C7-51AF-4A01-A974-B793B2F6D704}.Debug|Any CPU.Build.0 = Debug|Any CPU
		{C3BDB3C7-51AF-4A01-A974-B793B2F6D704}.Release|Any CPU.ActiveCfg = Release|Any CPU
		{C3BDB3C7-51AF-4A01-A974-B793B2F6D704}.Release|Any CPU.Build.0 = Release|Any CPU
		{5EACB567-DC3E-4AD1-A53B-F83E0BC8AAFD}.Debug|Any CPU.ActiveCfg = Debug|Any CPU
		{5EACB567-DC3E-4AD1-A53B-F83E0BC8AAFD}.Debug|Any CPU.Build.0 = Debug|Any CPU
		{5EACB567-DC3E-4AD1-A53B-F83E0BC8AAFD}.Release|Any CPU.ActiveCfg = Release|Any CPU
		{5EACB567-DC3E-4AD1-A53B-F83E0BC8AAFD}.Release|Any CPU.Build.0 = Release|Any CPU
		{68F6C1D5-6790-43EB-A97B-91390B58CC57}.Debug|Any CPU.ActiveCfg = Debug|Any CPU
		{68F6C1D5-6790-43EB-A97B-91390B58CC57}.Debug|Any CPU.Build.0 = Debug|Any CPU
		{68F6C1D5-6790-43EB-A97B-91390B58CC57}.Release|Any CPU.ActiveCfg = Release|Any CPU
		{68F6C1D5-6790-43EB-A97B-91390B58CC57}.Release|Any CPU.Build.0 = Release|Any CPU
		{02F727EC-7CFA-4F93-8880-7EAD9B2E59BB}.Debug|Any CPU.ActiveCfg = Debug|Any CPU
		{02F727EC-7CFA-4F93-8880-7EAD9B2E59BB}.Debug|Any CPU.Build.0 = Debug|Any CPU
		{02F727EC-7CFA-4F93-8880-7EAD9B2E59BB}.Release|Any CPU.ActiveCfg = Release|Any CPU
		{02F727EC-7CFA-4F93-8880-7EAD9B2E59BB}.Release|Any CPU.Build.0 = Release|Any CPU
		{768514F6-FA41-405E-8006-3AC5E832E9BD}.Debug|Any CPU.ActiveCfg = Debug|Any CPU
		{768514F6-FA41-405E-8006-3AC5E832E9BD}.Debug|Any CPU.Build.0 = Debug|Any CPU
		{768514F6-FA41-405E-8006-3AC5E832E9BD}.Release|Any CPU.ActiveCfg = Release|Any CPU
		{768514F6-FA41-405E-8006-3AC5E832E9BD}.Release|Any CPU.Build.0 = Release|Any CPU
		{F10ACF68-3AB9-4FE5-B1A5-E0D9D0C8729E}.Debug|Any CPU.ActiveCfg = Debug|Any CPU
		{F10ACF68-3AB9-4FE5-B1A5-E0D9D0C8729E}.Debug|Any CPU.Build.0 = Debug|Any CPU
		{F10ACF68-3AB9-4FE5-B1A5-E0D9D0C8729E}.Release|Any CPU.ActiveCfg = Release|Any CPU
		{F10ACF68-3AB9-4FE5-B1A5-E0D9D0C8729E}.Release|Any CPU.Build.0 = Release|Any CPU
	EndGlobalSection
	GlobalSection(SolutionProperties) = preSolution
		HideSolutionNode = FALSE
	EndGlobalSection
	GlobalSection(NestedProjects) = preSolution
		{477D17C3-5453-4B85-9EA4-8B1E70DBFC02} = {0D51236E-D76E-40D8-8B18-3CB2684CF953}
		{E184C8EE-5A9D-4E76-8654-85AD9A2DFBF8} = {477D17C3-5453-4B85-9EA4-8B1E70DBFC02}
		{F8EBC7DB-18CE-4DC4-9E72-A1EA5D4C1158} = {E184C8EE-5A9D-4E76-8654-85AD9A2DFBF8}
		{FD47928B-0336-46D5-A445-B360355E66D4} = {E184C8EE-5A9D-4E76-8654-85AD9A2DFBF8}
		{A89C6ACF-60A2-450C-991B-7AC68F54B2B8} = {E184C8EE-5A9D-4E76-8654-85AD9A2DFBF8}
		{2D7570C5-2073-486E-B035-0604902B4FAD} = {E184C8EE-5A9D-4E76-8654-85AD9A2DFBF8}
		{9F8B19A8-01E5-4CDD-9CA1-B8FD68828CA4} = {0D51236E-D76E-40D8-8B18-3CB2684CF953}
		{DFAC66A1-2518-49CE-8085-776EBA3F7927} = {9F8B19A8-01E5-4CDD-9CA1-B8FD68828CA4}
		{B29661F6-B50F-41A9-93CA-5D6366AEAF25} = {DFAC66A1-2518-49CE-8085-776EBA3F7927}
		{FAAE4E1D-C3A8-4B18-A4EE-E3A544F08E17} = {DFAC66A1-2518-49CE-8085-776EBA3F7927}
		{44CFF79C-0448-4871-92FF-AE8FD4E41F6B} = {DFAC66A1-2518-49CE-8085-776EBA3F7927}
		{0CA2CD34-657B-4273-999A-AF585C5FD0C7} = {DFAC66A1-2518-49CE-8085-776EBA3F7927}
		{7FFCA3AC-B1AE-4EA1-BC79-31540A085F24} = {DFAC66A1-2518-49CE-8085-776EBA3F7927}
		{7AA6FED5-CAB1-4990-B03C-40FC938DCF5A} = {477D17C3-5453-4B85-9EA4-8B1E70DBFC02}
		{C3BDB3C7-51AF-4A01-A974-B793B2F6D704} = {7AA6FED5-CAB1-4990-B03C-40FC938DCF5A}
		{77E11103-1D24-4920-B931-8B9CA7C3E506} = {0D51236E-D76E-40D8-8B18-3CB2684CF953}
		{5EACB567-DC3E-4AD1-A53B-F83E0BC8AAFD} = {77E11103-1D24-4920-B931-8B9CA7C3E506}
		{68F6C1D5-6790-43EB-A97B-91390B58CC57} = {E184C8EE-5A9D-4E76-8654-85AD9A2DFBF8}
		{02F727EC-7CFA-4F93-8880-7EAD9B2E59BB} = {E184C8EE-5A9D-4E76-8654-85AD9A2DFBF8}
		{A24F4F0F-1853-480C-8083-49F64276C493} = {0D51236E-D76E-40D8-8B18-3CB2684CF953}
		{768514F6-FA41-405E-8006-3AC5E832E9BD} = {A24F4F0F-1853-480C-8083-49F64276C493}
		{F10ACF68-3AB9-4FE5-B1A5-E0D9D0C8729E} = {E184C8EE-5A9D-4E76-8654-85AD9A2DFBF8}
	EndGlobalSection
	GlobalSection(ExtensibilityGlobals) = postSolution
		SolutionGuid = {1353AEEE-E31F-4C31-97FC-571EAD476019}
	EndGlobalSection
EndGlobal
